
Microsoft Visual Studio Solution File, Format Version 12.00
# Visual Studio Version 16
VisualStudioVersion = 16.0.29009.5
MinimumVisualStudioVersion = 10.0.40219.1
Project("{9A19103F-16F7-4668-BE54-9A1E7A4F7556}") = "GestorReglas", "GestorReglas\GestorReglas.csproj", "{1DCF3ACC-6FC6-4A05-BA77-F133B8C37E99}"
EndProject
Project("{FAE04EC0-301F-11D3-BF4B-00C04F79EFBC}") = "ConsoleApp2", "ConsoleApp2\ConsoleApp2.csproj", "{E9E9A540-B045-4AB7-A809-20B75CB3614B}"
EndProject
Project("{FAE04EC0-301F-11D3-BF4B-00C04F79EFBC}") = "UnitTestExpresionRegular", "UnitTestExpresionRegular\UnitTestExpresionRegular.csproj", "{6BBB89CA-60C9-4B11-A723-4BBEE306A502}"
EndProject
Project("{9A19103F-16F7-4668-BE54-9A1E7A4F7556}") = "ConstructorRegla", "ConstructorRegla\ConstructorRegla.csproj", "{C3F458A2-CD80-4E3A-ADE6-4F91C7CD70C9}"
EndProject
Project("{FAE04EC0-301F-11D3-BF4B-00C04F79EFBC}") = "UnitTestGestorReglas", "UnitTestGestorReglas\UnitTestGestorReglas.csproj", "{7123A18C-8DE3-4942-8E5B-6F00BC153958}"
EndProject
Project("{9A19103F-16F7-4668-BE54-9A1E7A4F7556}") = "GestorReglaContratoCobertura", "GestorReglaContratoCobertura\GestorReglaContratoCobertura.csproj", "{FE5DC756-7E09-4862-B6FB-84EB8D9642C3}"
EndProject
Project("{FAE04EC0-301F-11D3-BF4B-00C04F79EFBC}") = "UnitTestExtensores", "UnitTestExtensores\UnitTestExtensores.csproj", "{7335F602-0ADF-414B-B2CC-C35AD651ADA1}"
EndProject
Project("{FAE04EC0-301F-11D3-BF4B-00C04F79EFBC}") = "UnitTestEjecutarRegla", "UnitTestEjecutarRegla\UnitTestEjecutarRegla.csproj", "{B3B357BB-307C-4789-98A9-9CB38A505DCA}"
EndProject
Project("{FAE04EC0-301F-11D3-BF4B-00C04F79EFBC}") = "UnitTestReglasBeneficiarios", "UnitTestReglasBeneficiarios\UnitTestReglasBeneficiarios.csproj", "{1AE02F52-9005-4F36-84C9-335CBAFF7B55}"
EndProject
Global
	GlobalSection(SolutionConfigurationPlatforms) = preSolution
		Debug|Any CPU = Debug|Any CPU
		Release|Any CPU = Release|Any CPU
	EndGlobalSection
	GlobalSection(ProjectConfigurationPlatforms) = postSolution
		{1DCF3ACC-6FC6-4A05-BA77-F133B8C37E99}.Debug|Any CPU.ActiveCfg = Debug|Any CPU
		{1DCF3ACC-6FC6-4A05-BA77-F133B8C37E99}.Debug|Any CPU.Build.0 = Debug|Any CPU
		{1DCF3ACC-6FC6-4A05-BA77-F133B8C37E99}.Release|Any CPU.ActiveCfg = Release|Any CPU
		{1DCF3ACC-6FC6-4A05-BA77-F133B8C37E99}.Release|Any CPU.Build.0 = Release|Any CPU
		{E9E9A540-B045-4AB7-A809-20B75CB3614B}.Debug|Any CPU.ActiveCfg = Debug|Any CPU
		{E9E9A540-B045-4AB7-A809-20B75CB3614B}.Debug|Any CPU.Build.0 = Debug|Any CPU
		{E9E9A540-B045-4AB7-A809-20B75CB3614B}.Release|Any CPU.ActiveCfg = Release|Any CPU
		{E9E9A540-B045-4AB7-A809-20B75CB3614B}.Release|Any CPU.Build.0 = Release|Any CPU
		{6BBB89CA-60C9-4B11-A723-4BBEE306A502}.Debug|Any CPU.ActiveCfg = Debug|Any CPU
		{6BBB89CA-60C9-4B11-A723-4BBEE306A502}.Debug|Any CPU.Build.0 = Debug|Any CPU
		{6BBB89CA-60C9-4B11-A723-4BBEE306A502}.Release|Any CPU.ActiveCfg = Release|Any CPU
		{6BBB89CA-60C9-4B11-A723-4BBEE306A502}.Release|Any CPU.Build.0 = Release|Any CPU
		{C3F458A2-CD80-4E3A-ADE6-4F91C7CD70C9}.Debug|Any CPU.ActiveCfg = Debug|Any CPU
		{C3F458A2-CD80-4E3A-ADE6-4F91C7CD70C9}.Debug|Any CPU.Build.0 = Debug|Any CPU
		{C3F458A2-CD80-4E3A-ADE6-4F91C7CD70C9}.Release|Any CPU.ActiveCfg = Release|Any CPU
		{C3F458A2-CD80-4E3A-ADE6-4F91C7CD70C9}.Release|Any CPU.Build.0 = Release|Any CPU
		{7123A18C-8DE3-4942-8E5B-6F00BC153958}.Debug|Any CPU.ActiveCfg = Debug|Any CPU
		{7123A18C-8DE3-4942-8E5B-6F00BC153958}.Debug|Any CPU.Build.0 = Debug|Any CPU
		{7123A18C-8DE3-4942-8E5B-6F00BC153958}.Release|Any CPU.ActiveCfg = Release|Any CPU
		{7123A18C-8DE3-4942-8E5B-6F00BC153958}.Release|Any CPU.Build.0 = Release|Any CPU
		{FE5DC756-7E09-4862-B6FB-84EB8D9642C3}.Debug|Any CPU.ActiveCfg = Debug|Any CPU
		{FE5DC756-7E09-4862-B6FB-84EB8D9642C3}.Debug|Any CPU.Build.0 = Debug|Any CPU
		{FE5DC756-7E09-4862-B6FB-84EB8D9642C3}.Release|Any CPU.ActiveCfg = Release|Any CPU
		{FE5DC756-7E09-4862-B6FB-84EB8D9642C3}.Release|Any CPU.Build.0 = Release|Any CPU
		{7335F602-0ADF-414B-B2CC-C35AD651ADA1}.Debug|Any CPU.ActiveCfg = Debug|Any CPU
		{7335F602-0ADF-414B-B2CC-C35AD651ADA1}.Debug|Any CPU.Build.0 = Debug|Any CPU
		{7335F602-0ADF-414B-B2CC-C35AD651ADA1}.Release|Any CPU.ActiveCfg = Release|Any CPU
		{7335F602-0ADF-414B-B2CC-C35AD651ADA1}.Release|Any CPU.Build.0 = Release|Any CPU
		{B3B357BB-307C-4789-98A9-9CB38A505DCA}.Debug|Any CPU.ActiveCfg = Debug|Any CPU
		{B3B357BB-307C-4789-98A9-9CB38A505DCA}.Debug|Any CPU.Build.0 = Debug|Any CPU
		{B3B357BB-307C-4789-98A9-9CB38A505DCA}.Release|Any CPU.ActiveCfg = Release|Any CPU
		{B3B357BB-307C-4789-98A9-9CB38A505DCA}.Release|Any CPU.Build.0 = Release|Any CPU
		{1AE02F52-9005-4F36-84C9-335CBAFF7B55}.Debug|Any CPU.ActiveCfg = Debug|Any CPU
		{1AE02F52-9005-4F36-84C9-335CBAFF7B55}.Debug|Any CPU.Build.0 = Debug|Any CPU
		{1AE02F52-9005-4F36-84C9-335CBAFF7B55}.Release|Any CPU.ActiveCfg = Release|Any CPU
		{1AE02F52-9005-4F36-84C9-335CBAFF7B55}.Release|Any CPU.Build.0 = Release|Any CPU
	EndGlobalSection
	GlobalSection(SolutionProperties) = preSolution
		HideSolutionNode = FALSE
	EndGlobalSection
	GlobalSection(ExtensibilityGlobals) = postSolution
		SolutionGuid = {C190844D-CAC2-4517-873C-84C0EC86F345}
	EndGlobalSection
EndGlobal
